
Microsoft Visual Studio Solution File, Format Version 12.00
# Visual Studio 15
VisualStudioVersion = 15.0.28307.1500
MinimumVisualStudioVersion = 10.0.40219.1
Project("{FAE04EC0-301F-11D3-BF4B-00C04F79EFBC}") = "ComboBox", "ComboBox\ComboBox.csproj", "{5DCD1B0C-BDD9-4BA0-A09F-EC380DE1F21F}"
EndProject
Global
	GlobalSection(SolutionConfigurationPlatforms) = preSolution
		Debug|Any CPU = Debug|Any CPU
		Release|Any CPU = Release|Any CPU
	EndGlobalSection
	GlobalSection(ProjectConfigurationPlatforms) = postSolution
		{5DCD1B0C-BDD9-4BA0-A09F-EC380DE1F21F}.Debug|Any CPU.ActiveCfg = Debug|Any CPU
		{5DCD1B0C-BDD9-4BA0-A09F-EC380DE1F21F}.Debug|Any CPU.Build.0 = Debug|Any CPU
		{5DCD1B0C-BDD9-4BA0-A09F-EC380DE1F21F}.Release|Any CPU.ActiveCfg = Release|Any CPU
		{5DCD1B0C-BDD9-4BA0-A09F-EC380DE1F21F}.Release|Any CPU.Build.0 = Release|Any CPU
	EndGlobalSection
	GlobalSection(SolutionProperties) = preSolution
		HideSolutionNode = FALSE
	EndGlobalSection
	GlobalSection(ExtensibilityGlobals) = postSolution
		SolutionGuid = {AF1E7735-75CD-4435-A12C-890220C431AB}
	EndGlobalSection
EndGlobal
